
Microsoft Visual Studio Solution File, Format Version 12.00
# Visual Studio Version 17
VisualStudioVersion = 17.0.31903.59
MinimumVisualStudioVersion = 10.0.40219.1
Project("{FAE04EC0-301F-11D3-BF4B-00C04F79EFBC}") = "Soundtrail.Contracts", "src\Soundtrail.Contracts\Soundtrail.Contracts.csproj", "{B3A1908A-CCB3-4D63-92A3-07856CEBF5AF}"
EndProject
Project("{FAE04EC0-301F-11D3-BF4B-00C04F79EFBC}") = "Soundtrail.Services.Api", "src\Soundtrail.Services.Api\Soundtrail.Services.Api.csproj", "{48F10C41-15AC-47DE-8338-85BA1B56CF23}"
EndProject
Project("{FAE04EC0-301F-11D3-BF4B-00C04F79EFBC}") = "Soundtrail.Services.Tests", "tests\Soundtrail.Services.Tests\Soundtrail.Services.Tests.csproj", "{4101307A-6B72-4D77-9CDA-E8E2D690DA6B}"
EndProject
Project("{2150E333-8FDC-42A3-9474-1A3956D46DE8}") = "100 - Apps", "100 - Apps", "{9A2D3D60-FB99-4E0F-9C5A-845ECD0ACFCF}"
EndProject
Project("{FAE04EC0-301F-11D3-BF4B-00C04F79EFBC}") = "Soundtrail.Services.Enrichment.Worker", "src\Soundtrail.Services.Enrichment.Worker\Soundtrail.Services.Enrichment.Worker.csproj", "{98EA70CB-9E7A-4692-AFA1-D7B7205CD672}"
EndProject
Project("{FAE04EC0-301F-11D3-BF4B-00C04F79EFBC}") = "Soundtrail.Services.Enrichment.Scheduler", "src\Soundtrail.Services.Enrichment.Scheduler\Soundtrail.Services.Enrichment.Scheduler.csproj", "{DA009ADC-BDB2-4EBF-ABE2-3DDAE4E5F6BB}"
EndProject
Project("{FAE04EC0-301F-11D3-BF4B-00C04F79EFBC}") = "Soundtrail.Services.Public.Projector", "src\Soundtrail.Services.Public.Projector\Soundtrail.Services.Public.Projector.csproj", "{38113B85-5CB4-46FA-B0FA-FA3935E474AA}"
EndProject
Project("{FAE04EC0-301F-11D3-BF4B-00C04F79EFBC}") = "Soundtrail.Domain", "src\Soundtrail.Domain\Soundtrail.Domain.csproj", "{2CD903C1-275A-4FDD-ABFD-E7512C1F8ED7}"
EndProject
Project("{FAE04EC0-301F-11D3-BF4B-00C04F79EFBC}") = "Soundtrail.Services.AppHost", "Soundtrail.Services.AppHost\Soundtrail.Services.AppHost.csproj", "{4E62B993-01E2-4746-BE48-E7725747224B}"
EndProject
Project("{FAE04EC0-301F-11D3-BF4B-00C04F79EFBC}") = "Soundtrail.Services.ServiceDefaults", "Soundtrail.Services.ServiceDefaults\Soundtrail.Services.ServiceDefaults.csproj", "{EAD72531-CD18-44F5-81CA-0C5432E393A5}"
EndProject
Project("{2150E333-8FDC-42A3-9474-1A3956D46DE8}") = "300 - Deployment", "300 - Deployment", "{EFDBC273-3938-4AD3-85A1-37A5C2FA8E56}"
EndProject
Project("{FAE04EC0-301F-11D3-BF4B-00C04F79EFBC}") = "Soundtrail.Services.Internal.Projector", "src\Soundtrail.Services.Internal.Projector\Soundtrail.Services.Internal.Projector.csproj", "{824B53B0-0635-4146-9EE0-C2794E0470AC}"
EndProject
Project("{FAE04EC0-301F-11D3-BF4B-00C04F79EFBC}") = "Soundtrail.Tools.MusicBrainzImport", "src\Soundtrail.Tools.MusicBrainzImport\Soundtrail.Tools.MusicBrainzImport.csproj", "{4FE7620C-4D97-4BA2-8B85-D10724B60EB2}"
EndProject
Project("{2150E333-8FDC-42A3-9474-1A3956D46DE8}") = "200 - Tools", "200 - Tools", "{450B3778-DC6D-4912-8ACC-78EC9B004766}"
EndProject
Project("{FAE04EC0-301F-11D3-BF4B-00C04F79EFBC}") = "Soundtrail.Services.Enrichment.Orchestrator", "src\Soundtrail.Services.Enrichment.Orchestrator\Soundtrail.Services.Enrichment.Orchestrator.csproj", "{7FE27945-1172-4526-9A26-F44D770EE03C}"
EndProject
Project("{2150E333-8FDC-42A3-9474-1A3956D46DE8}") = "src", "src", "{827E0CD3-B72D-47B6-A68D-7590B98EB39B}"
EndProject
Project("{FAE04EC0-301F-11D3-BF4B-00C04F79EFBC}") = "Soundtrail.Translators", "src\Soundtrail.Translators\Soundtrail.Translators.csproj", "{754D0DF5-0D25-452A-B3EB-A657DF699E9E}"
EndProject
Global
	GlobalSection(SolutionConfigurationPlatforms) = preSolution
		Debug|Any CPU = Debug|Any CPU
		Debug|x64 = Debug|x64
		Debug|x86 = Debug|x86
		Release|Any CPU = Release|Any CPU
		Release|x64 = Release|x64
		Release|x86 = Release|x86
	EndGlobalSection
	GlobalSection(ProjectConfigurationPlatforms) = postSolution
		{B3A1908A-CCB3-4D63-92A3-07856CEBF5AF}.Debug|Any CPU.ActiveCfg = Debug|Any CPU
		{B3A1908A-CCB3-4D63-92A3-07856CEBF5AF}.Debug|Any CPU.Build.0 = Debug|Any CPU
		{B3A1908A-CCB3-4D63-92A3-07856CEBF5AF}.Debug|x64.ActiveCfg = Debug|Any CPU
		{B3A1908A-CCB3-4D63-92A3-07856CEBF5AF}.Debug|x64.Build.0 = Debug|Any CPU
		{B3A1908A-CCB3-4D63-92A3-07856CEBF5AF}.Debug|x86.ActiveCfg = Debug|Any CPU
		{B3A1908A-CCB3-4D63-92A3-07856CEBF5AF}.Debug|x86.Build.0 = Debug|Any CPU
		{B3A1908A-CCB3-4D63-92A3-07856CEBF5AF}.Release|Any CPU.ActiveCfg = Release|Any CPU
		{B3A1908A-CCB3-4D63-92A3-07856CEBF5AF}.Release|Any CPU.Build.0 = Release|Any CPU
		{B3A1908A-CCB3-4D63-92A3-07856CEBF5AF}.Release|x64.ActiveCfg = Release|Any CPU
		{B3A1908A-CCB3-4D63-92A3-07856CEBF5AF}.Release|x64.Build.0 = Release|Any CPU
		{B3A1908A-CCB3-4D63-92A3-07856CEBF5AF}.Release|x86.ActiveCfg = Release|Any CPU
		{B3A1908A-CCB3-4D63-92A3-07856CEBF5AF}.Release|x86.Build.0 = Release|Any CPU
		{48F10C41-15AC-47DE-8338-85BA1B56CF23}.Debug|Any CPU.ActiveCfg = Debug|Any CPU
		{48F10C41-15AC-47DE-8338-85BA1B56CF23}.Debug|Any CPU.Build.0 = Debug|Any CPU
		{48F10C41-15AC-47DE-8338-85BA1B56CF23}.Debug|x64.ActiveCfg = Debug|Any CPU
		{48F10C41-15AC-47DE-8338-85BA1B56CF23}.Debug|x64.Build.0 = Debug|Any CPU
		{48F10C41-15AC-47DE-8338-85BA1B56CF23}.Debug|x86.ActiveCfg = Debug|Any CPU
		{48F10C41-15AC-47DE-8338-85BA1B56CF23}.Debug|x86.Build.0 = Debug|Any CPU
		{48F10C41-15AC-47DE-8338-85BA1B56CF23}.Release|Any CPU.ActiveCfg = Release|Any CPU
		{48F10C41-15AC-47DE-8338-85BA1B56CF23}.Release|Any CPU.Build.0 = Release|Any CPU
		{48F10C41-15AC-47DE-8338-85BA1B56CF23}.Release|x64.ActiveCfg = Release|Any CPU
		{48F10C41-15AC-47DE-8338-85BA1B56CF23}.Release|x64.Build.0 = Release|Any CPU
		{48F10C41-15AC-47DE-8338-85BA1B56CF23}.Release|x86.ActiveCfg = Release|Any CPU
		{48F10C41-15AC-47DE-8338-85BA1B56CF23}.Release|x86.Build.0 = Release|Any CPU
		{4101307A-6B72-4D77-9CDA-E8E2D690DA6B}.Debug|Any CPU.ActiveCfg = Debug|Any CPU
		{4101307A-6B72-4D77-9CDA-E8E2D690DA6B}.Debug|Any CPU.Build.0 = Debug|Any CPU
		{4101307A-6B72-4D77-9CDA-E8E2D690DA6B}.Debug|x64.ActiveCfg = Debug|Any CPU
		{4101307A-6B72-4D77-9CDA-E8E2D690DA6B}.Debug|x64.Build.0 = Debug|Any CPU
		{4101307A-6B72-4D77-9CDA-E8E2D690DA6B}.Debug|x86.ActiveCfg = Debug|Any CPU
		{4101307A-6B72-4D77-9CDA-E8E2D690DA6B}.Debug|x86.Build.0 = Debug|Any CPU
		{4101307A-6B72-4D77-9CDA-E8E2D690DA6B}.Release|Any CPU.ActiveCfg = Release|Any CPU
		{4101307A-6B72-4D77-9CDA-E8E2D690DA6B}.Release|Any CPU.Build.0 = Release|Any CPU
		{4101307A-6B72-4D77-9CDA-E8E2D690DA6B}.Release|x64.ActiveCfg = Release|Any CPU
		{4101307A-6B72-4D77-9CDA-E8E2D690DA6B}.Release|x64.Build.0 = Release|Any CPU
		{4101307A-6B72-4D77-9CDA-E8E2D690DA6B}.Release|x86.ActiveCfg = Release|Any CPU
		{4101307A-6B72-4D77-9CDA-E8E2D690DA6B}.Release|x86.Build.0 = Release|Any CPU
		{98EA70CB-9E7A-4692-AFA1-D7B7205CD672}.Debug|Any CPU.ActiveCfg = Debug|Any CPU
		{98EA70CB-9E7A-4692-AFA1-D7B7205CD672}.Debug|Any CPU.Build.0 = Debug|Any CPU
		{98EA70CB-9E7A-4692-AFA1-D7B7205CD672}.Debug|x64.ActiveCfg = Debug|Any CPU
		{98EA70CB-9E7A-4692-AFA1-D7B7205CD672}.Debug|x64.Build.0 = Debug|Any CPU
		{98EA70CB-9E7A-4692-AFA1-D7B7205CD672}.Debug|x86.ActiveCfg = Debug|Any CPU
		{98EA70CB-9E7A-4692-AFA1-D7B7205CD672}.Debug|x86.Build.0 = Debug|Any CPU
		{98EA70CB-9E7A-4692-AFA1-D7B7205CD672}.Release|Any CPU.ActiveCfg = Release|Any CPU
		{98EA70CB-9E7A-4692-AFA1-D7B7205CD672}.Release|Any CPU.Build.0 = Release|Any CPU
		{98EA70CB-9E7A-4692-AFA1-D7B7205CD672}.Release|x64.ActiveCfg = Release|Any CPU
		{98EA70CB-9E7A-4692-AFA1-D7B7205CD672}.Release|x64.Build.0 = Release|Any CPU
		{98EA70CB-9E7A-4692-AFA1-D7B7205CD672}.Release|x86.ActiveCfg = Release|Any CPU
		{98EA70CB-9E7A-4692-AFA1-D7B7205CD672}.Release|x86.Build.0 = Release|Any CPU
		{DA009ADC-BDB2-4EBF-ABE2-3DDAE4E5F6BB}.Debug|Any CPU.ActiveCfg = Debug|Any CPU
		{DA009ADC-BDB2-4EBF-ABE2-3DDAE4E5F6BB}.Debug|Any CPU.Build.0 = Debug|Any CPU
		{DA009ADC-BDB2-4EBF-ABE2-3DDAE4E5F6BB}.Debug|x64.ActiveCfg = Debug|Any CPU
		{DA009ADC-BDB2-4EBF-ABE2-3DDAE4E5F6BB}.Debug|x64.Build.0 = Debug|Any CPU
		{DA009ADC-BDB2-4EBF-ABE2-3DDAE4E5F6BB}.Debug|x86.ActiveCfg = Debug|Any CPU
		{DA009ADC-BDB2-4EBF-ABE2-3DDAE4E5F6BB}.Debug|x86.Build.0 = Debug|Any CPU
		{DA009ADC-BDB2-4EBF-ABE2-3DDAE4E5F6BB}.Release|Any CPU.ActiveCfg = Release|Any CPU
		{DA009ADC-BDB2-4EBF-ABE2-3DDAE4E5F6BB}.Release|Any CPU.Build.0 = Release|Any CPU
		{DA009ADC-BDB2-4EBF-ABE2-3DDAE4E5F6BB}.Release|x64.ActiveCfg = Release|Any CPU
		{DA009ADC-BDB2-4EBF-ABE2-3DDAE4E5F6BB}.Release|x64.Build.0 = Release|Any CPU
		{DA009ADC-BDB2-4EBF-ABE2-3DDAE4E5F6BB}.Release|x86.ActiveCfg = Release|Any CPU
		{DA009ADC-BDB2-4EBF-ABE2-3DDAE4E5F6BB}.Release|x86.Build.0 = Release|Any CPU
		{38113B85-5CB4-46FA-B0FA-FA3935E474AA}.Debug|Any CPU.ActiveCfg = Debug|Any CPU
		{38113B85-5CB4-46FA-B0FA-FA3935E474AA}.Debug|Any CPU.Build.0 = Debug|Any CPU
		{38113B85-5CB4-46FA-B0FA-FA3935E474AA}.Debug|x64.ActiveCfg = Debug|Any CPU
		{38113B85-5CB4-46FA-B0FA-FA3935E474AA}.Debug|x64.Build.0 = Debug|Any CPU
		{38113B85-5CB4-46FA-B0FA-FA3935E474AA}.Debug|x86.ActiveCfg = Debug|Any CPU
		{38113B85-5CB4-46FA-B0FA-FA3935E474AA}.Debug|x86.Build.0 = Debug|Any CPU
		{38113B85-5CB4-46FA-B0FA-FA3935E474AA}.Release|Any CPU.ActiveCfg = Release|Any CPU
		{38113B85-5CB4-46FA-B0FA-FA3935E474AA}.Release|Any CPU.Build.0 = Release|Any CPU
		{38113B85-5CB4-46FA-B0FA-FA3935E474AA}.Release|x64.ActiveCfg = Release|Any CPU
		{38113B85-5CB4-46FA-B0FA-FA3935E474AA}.Release|x64.Build.0 = Release|Any CPU
		{38113B85-5CB4-46FA-B0FA-FA3935E474AA}.Release|x86.ActiveCfg = Release|Any CPU
		{38113B85-5CB4-46FA-B0FA-FA3935E474AA}.Release|x86.Build.0 = Release|Any CPU
		{2CD903C1-275A-4FDD-ABFD-E7512C1F8ED7}.Debug|Any CPU.ActiveCfg = Debug|Any CPU
		{2CD903C1-275A-4FDD-ABFD-E7512C1F8ED7}.Debug|Any CPU.Build.0 = Debug|Any CPU
		{2CD903C1-275A-4FDD-ABFD-E7512C1F8ED7}.Debug|x64.ActiveCfg = Debug|Any CPU
		{2CD903C1-275A-4FDD-ABFD-E7512C1F8ED7}.Debug|x64.Build.0 = Debug|Any CPU
		{2CD903C1-275A-4FDD-ABFD-E7512C1F8ED7}.Debug|x86.ActiveCfg = Debug|Any CPU
		{2CD903C1-275A-4FDD-ABFD-E7512C1F8ED7}.Debug|x86.Build.0 = Debug|Any CPU
		{2CD903C1-275A-4FDD-ABFD-E7512C1F8ED7}.Release|Any CPU.ActiveCfg = Release|Any CPU
		{2CD903C1-275A-4FDD-ABFD-E7512C1F8ED7}.Release|Any CPU.Build.0 = Release|Any CPU
		{2CD903C1-275A-4FDD-ABFD-E7512C1F8ED7}.Release|x64.ActiveCfg = Release|Any CPU
		{2CD903C1-275A-4FDD-ABFD-E7512C1F8ED7}.Release|x64.Build.0 = Release|Any CPU
		{2CD903C1-275A-4FDD-ABFD-E7512C1F8ED7}.Release|x86.ActiveCfg = Release|Any CPU
		{2CD903C1-275A-4FDD-ABFD-E7512C1F8ED7}.Release|x86.Build.0 = Release|Any CPU
		{4E62B993-01E2-4746-BE48-E7725747224B}.Debug|Any CPU.ActiveCfg = Debug|Any CPU
		{4E62B993-01E2-4746-BE48-E7725747224B}.Debug|Any CPU.Build.0 = Debug|Any CPU
		{4E62B993-01E2-4746-BE48-E7725747224B}.Debug|x64.ActiveCfg = Debug|Any CPU
		{4E62B993-01E2-4746-BE48-E7725747224B}.Debug|x64.Build.0 = Debug|Any CPU
		{4E62B993-01E2-4746-BE48-E7725747224B}.Debug|x86.ActiveCfg = Debug|Any CPU
		{4E62B993-01E2-4746-BE48-E7725747224B}.Debug|x86.Build.0 = Debug|Any CPU
		{4E62B993-01E2-4746-BE48-E7725747224B}.Release|Any CPU.ActiveCfg = Release|Any CPU
		{4E62B993-01E2-4746-BE48-E7725747224B}.Release|Any CPU.Build.0 = Release|Any CPU
		{4E62B993-01E2-4746-BE48-E7725747224B}.Release|x64.ActiveCfg = Release|Any CPU
		{4E62B993-01E2-4746-BE48-E7725747224B}.Release|x64.Build.0 = Release|Any CPU
		{4E62B993-01E2-4746-BE48-E7725747224B}.Release|x86.ActiveCfg = Release|Any CPU
		{4E62B993-01E2-4746-BE48-E7725747224B}.Release|x86.Build.0 = Release|Any CPU
		{EAD72531-CD18-44F5-81CA-0C5432E393A5}.Debug|Any CPU.ActiveCfg = Debug|Any CPU
		{EAD72531-CD18-44F5-81CA-0C5432E393A5}.Debug|Any CPU.Build.0 = Debug|Any CPU
		{EAD72531-CD18-44F5-81CA-0C5432E393A5}.Debug|x64.ActiveCfg = Debug|Any CPU
		{EAD72531-CD18-44F5-81CA-0C5432E393A5}.Debug|x64.Build.0 = Debug|Any CPU
		{EAD72531-CD18-44F5-81CA-0C5432E393A5}.Debug|x86.ActiveCfg = Debug|Any CPU
		{EAD72531-CD18-44F5-81CA-0C5432E393A5}.Debug|x86.Build.0 = Debug|Any CPU
		{EAD72531-CD18-44F5-81CA-0C5432E393A5}.Release|Any CPU.ActiveCfg = Release|Any CPU
		{EAD72531-CD18-44F5-81CA-0C5432E393A5}.Release|Any CPU.Build.0 = Release|Any CPU
		{EAD72531-CD18-44F5-81CA-0C5432E393A5}.Release|x64.ActiveCfg = Release|Any CPU
		{EAD72531-CD18-44F5-81CA-0C5432E393A5}.Release|x64.Build.0 = Release|Any CPU
		{EAD72531-CD18-44F5-81CA-0C5432E393A5}.Release|x86.ActiveCfg = Release|Any CPU
		{EAD72531-CD18-44F5-81CA-0C5432E393A5}.Release|x86.Build.0 = Release|Any CPU
		{824B53B0-0635-4146-9EE0-C2794E0470AC}.Debug|Any CPU.ActiveCfg = Debug|Any CPU
		{824B53B0-0635-4146-9EE0-C2794E0470AC}.Debug|Any CPU.Build.0 = Debug|Any CPU
		{824B53B0-0635-4146-9EE0-C2794E0470AC}.Debug|x64.ActiveCfg = Debug|Any CPU
		{824B53B0-0635-4146-9EE0-C2794E0470AC}.Debug|x64.Build.0 = Debug|Any CPU
		{824B53B0-0635-4146-9EE0-C2794E0470AC}.Debug|x86.ActiveCfg = Debug|Any CPU
		{824B53B0-0635-4146-9EE0-C2794E0470AC}.Debug|x86.Build.0 = Debug|Any CPU
		{824B53B0-0635-4146-9EE0-C2794E0470AC}.Release|Any CPU.ActiveCfg = Release|Any CPU
		{824B53B0-0635-4146-9EE0-C2794E0470AC}.Release|Any CPU.Build.0 = Release|Any CPU
		{824B53B0-0635-4146-9EE0-C2794E0470AC}.Release|x64.ActiveCfg = Release|Any CPU
		{824B53B0-0635-4146-9EE0-C2794E0470AC}.Release|x64.Build.0 = Release|Any CPU
		{824B53B0-0635-4146-9EE0-C2794E0470AC}.Release|x86.ActiveCfg = Release|Any CPU
		{824B53B0-0635-4146-9EE0-C2794E0470AC}.Release|x86.Build.0 = Release|Any CPU
		{4FE7620C-4D97-4BA2-8B85-D10724B60EB2}.Debug|Any CPU.ActiveCfg = Debug|Any CPU
		{4FE7620C-4D97-4BA2-8B85-D10724B60EB2}.Debug|Any CPU.Build.0 = Debug|Any CPU
		{4FE7620C-4D97-4BA2-8B85-D10724B60EB2}.Debug|x64.ActiveCfg = Debug|Any CPU
		{4FE7620C-4D97-4BA2-8B85-D10724B60EB2}.Debug|x64.Build.0 = Debug|Any CPU
		{4FE7620C-4D97-4BA2-8B85-D10724B60EB2}.Debug|x86.ActiveCfg = Debug|Any CPU
		{4FE7620C-4D97-4BA2-8B85-D10724B60EB2}.Debug|x86.Build.0 = Debug|Any CPU
		{4FE7620C-4D97-4BA2-8B85-D10724B60EB2}.Release|Any CPU.ActiveCfg = Release|Any CPU
		{4FE7620C-4D97-4BA2-8B85-D10724B60EB2}.Release|Any CPU.Build.0 = Release|Any CPU
		{4FE7620C-4D97-4BA2-8B85-D10724B60EB2}.Release|x64.ActiveCfg = Release|Any CPU
		{4FE7620C-4D97-4BA2-8B85-D10724B60EB2}.Release|x64.Build.0 = Release|Any CPU
		{4FE7620C-4D97-4BA2-8B85-D10724B60EB2}.Release|x86.ActiveCfg = Release|Any CPU
		{4FE7620C-4D97-4BA2-8B85-D10724B60EB2}.Release|x86.Build.0 = Release|Any CPU
		{7FE27945-1172-4526-9A26-F44D770EE03C}.Debug|Any CPU.ActiveCfg = Debug|Any CPU
		{7FE27945-1172-4526-9A26-F44D770EE03C}.Debug|Any CPU.Build.0 = Debug|Any CPU
		{7FE27945-1172-4526-9A26-F44D770EE03C}.Debug|x64.ActiveCfg = Debug|Any CPU
		{7FE27945-1172-4526-9A26-F44D770EE03C}.Debug|x64.Build.0 = Debug|Any CPU
		{7FE27945-1172-4526-9A26-F44D770EE03C}.Debug|x86.ActiveCfg = Debug|Any CPU
		{7FE27945-1172-4526-9A26-F44D770EE03C}.Debug|x86.Build.0 = Debug|Any CPU
		{7FE27945-1172-4526-9A26-F44D770EE03C}.Release|Any CPU.ActiveCfg = Release|Any CPU
		{7FE27945-1172-4526-9A26-F44D770EE03C}.Release|Any CPU.Build.0 = Release|Any CPU
		{7FE27945-1172-4526-9A26-F44D770EE03C}.Release|x64.ActiveCfg = Release|Any CPU
		{7FE27945-1172-4526-9A26-F44D770EE03C}.Release|x64.Build.0 = Release|Any CPU
		{7FE27945-1172-4526-9A26-F44D770EE03C}.Release|x86.ActiveCfg = Release|Any CPU
		{7FE27945-1172-4526-9A26-F44D770EE03C}.Release|x86.Build.0 = Release|Any CPU
		{754D0DF5-0D25-452A-B3EB-A657DF699E9E}.Debug|Any CPU.ActiveCfg = Debug|Any CPU
		{754D0DF5-0D25-452A-B3EB-A657DF699E9E}.Debug|Any CPU.Build.0 = Debug|Any CPU
		{754D0DF5-0D25-452A-B3EB-A657DF699E9E}.Debug|x64.ActiveCfg = Debug|Any CPU
		{754D0DF5-0D25-452A-B3EB-A657DF699E9E}.Debug|x64.Build.0 = Debug|Any CPU
		{754D0DF5-0D25-452A-B3EB-A657DF699E9E}.Debug|x86.ActiveCfg = Debug|Any CPU
		{754D0DF5-0D25-452A-B3EB-A657DF699E9E}.Debug|x86.Build.0 = Debug|Any CPU
		{754D0DF5-0D25-452A-B3EB-A657DF699E9E}.Release|Any CPU.ActiveCfg = Release|Any CPU
		{754D0DF5-0D25-452A-B3EB-A657DF699E9E}.Release|Any CPU.Build.0 = Release|Any CPU
		{754D0DF5-0D25-452A-B3EB-A657DF699E9E}.Release|x64.ActiveCfg = Release|Any CPU
		{754D0DF5-0D25-452A-B3EB-A657DF699E9E}.Release|x64.Build.0 = Release|Any CPU
		{754D0DF5-0D25-452A-B3EB-A657DF699E9E}.Release|x86.ActiveCfg = Release|Any CPU
		{754D0DF5-0D25-452A-B3EB-A657DF699E9E}.Release|x86.Build.0 = Release|Any CPU
	EndGlobalSection
	GlobalSection(SolutionProperties) = preSolution
		HideSolutionNode = FALSE
	EndGlobalSection
	GlobalSection(NestedProjects) = preSolution
		{48F10C41-15AC-47DE-8338-85BA1B56CF23} = {9A2D3D60-FB99-4E0F-9C5A-845ECD0ACFCF}
		{98EA70CB-9E7A-4692-AFA1-D7B7205CD672} = {9A2D3D60-FB99-4E0F-9C5A-845ECD0ACFCF}
		{DA009ADC-BDB2-4EBF-ABE2-3DDAE4E5F6BB} = {9A2D3D60-FB99-4E0F-9C5A-845ECD0ACFCF}
		{38113B85-5CB4-46FA-B0FA-FA3935E474AA} = {9A2D3D60-FB99-4E0F-9C5A-845ECD0ACFCF}
		{4E62B993-01E2-4746-BE48-E7725747224B} = {EFDBC273-3938-4AD3-85A1-37A5C2FA8E56}
		{EAD72531-CD18-44F5-81CA-0C5432E393A5} = {EFDBC273-3938-4AD3-85A1-37A5C2FA8E56}
		{824B53B0-0635-4146-9EE0-C2794E0470AC} = {9A2D3D60-FB99-4E0F-9C5A-845ECD0ACFCF}
		{4FE7620C-4D97-4BA2-8B85-D10724B60EB2} = {450B3778-DC6D-4912-8ACC-78EC9B004766}
		{7FE27945-1172-4526-9A26-F44D770EE03C} = {9A2D3D60-FB99-4E0F-9C5A-845ECD0ACFCF}
		{754D0DF5-0D25-452A-B3EB-A657DF699E9E} = {9A2D3D60-FB99-4E0F-9C5A-845ECD0ACFCF}
	EndGlobalSection
EndGlobal
